
Microsoft Visual Studio Solution File, Format Version 12.00
# Visual Studio Version 17
VisualStudioVersion = 17.2.32630.192
MinimumVisualStudioVersion = 10.0.40219.1
Project("{FAE04EC0-301F-11D3-BF4B-00C04F79EFBC}") = "Diamond.Core", "Diamond.Core.csproj", "{0D9246A8-C9F6-483E-A5ED-59EF16EA216D}"
EndProject
Project("{FAE04EC0-301F-11D3-BF4B-00C04F79EFBC}") = "Diamond.Core.Tests", "..\Diamond.Core.Tests\Diamond.Core.Tests.csproj", "{8DA1487E-DE28-440D-BB32-75C46BB85E16}"
EndProject
Global
	GlobalSection(SolutionConfigurationPlatforms) = preSolution
		Debug|Any CPU = Debug|Any CPU
		Release|Any CPU = Release|Any CPU
	EndGlobalSection
	GlobalSection(ProjectConfigurationPlatforms) = postSolution
		{0D9246A8-C9F6-483E-A5ED-59EF16EA216D}.Debug|Any CPU.ActiveCfg = Debug|Any CPU
		{0D9246A8-C9F6-483E-A5ED-59EF16EA216D}.Debug|Any CPU.Build.0 = Debug|Any CPU
		{0D9246A8-C9F6-483E-A5ED-59EF16EA216D}.Release|Any CPU.ActiveCfg = Release|Any CPU
		{0D9246A8-C9F6-483E-A5ED-59EF16EA216D}.Release|Any CPU.Build.0 = Release|Any CPU
		{8DA1487E-DE28-440D-BB32-75C46BB85E16}.Debug|Any CPU.ActiveCfg = Debug|Any CPU
		{8DA1487E-DE28-440D-BB32-75C46BB85E16}.Debug|Any CPU.Build.0 = Debug|Any CPU
		{8DA1487E-DE28-440D-BB32-75C46BB85E16}.Release|Any CPU.ActiveCfg = Release|Any CPU
		{8DA1487E-DE28-440D-BB32-75C46BB85E16}.Release|Any CPU.Build.0 = Release|Any CPU
	EndGlobalSection
	GlobalSection(SolutionProperties) = preSolution
		HideSolutionNode = FALSE
	EndGlobalSection
	GlobalSection(ExtensibilityGlobals) = postSolution
		SolutionGuid = {03040B26-28C8-4771-853B-617E5DACB117}
	EndGlobalSection
EndGlobal
